{
    "_meta": {
        "hash": {
            "sha256": "3583718442f3bb12d8f66a7943969db6fb803f1b656be76a8e2b6b9db0a8b9db"
        },
        "pipfile-spec": 6,
        "requires": {
            "python_version": "3.14"
        },
        "sources": [
            {
                "name": "pypi",
                "url": "https://pypi.org/simple",
                "verify_ssl": true
            }
        ]
    },
    "default": {
        "beautifulsoup4": {
            "hashes": [
                "sha256:288e3ca7d54b06f2ac191970bc275c1939cb46d450b255bf6718b04aa37ab4f7",
                "sha256:d6f88de62e1d4e38ecb1077eb9724cd0eff29d2a08ca16a401e9b9e93f117cf9"
            ],
            "markers": "python_full_version >= '3.7.0'",
            "version": "==4.15.0"
        },
        "coverage": {
            "hashes": [
                "sha256:00b6703c6640075cdce5124e9335dfdf9167272475301828acfdd09c0e5ee731",
                "sha256:05d87c2a43373ad6b976d0a99ad58c48633633bcdeb896dc645a006472cc4a71",
                "sha256:09b3b088aa24489c4082bcc35fcc8224281ab94a653dfb6d3f0c8165b0d628ab",
                "sha256:0a545ef5384d787d0fcac6c349afc2c5f99dcc39e13ed3c191b2c06305f64c04",
                "sha256:0c579056b0de461b3a62318b63d0b6ce90aed7f8158d3f00da094df82f29d189",
                "sha256:0f410ee8f0ac4ec7db71bc0b7632a8b9994e1cad2755bd1566c17e6a162caa74",
                "sha256:1174900a43f6f8c425fee10d7dbddc308adefcdc78aaced32357f5ab750a0e90",
                "sha256:165e9949eaf222ef1f018635d0d7f368a23bfe0212af558534c40d8c04686d67",
                "sha256:1678eb2dc57a8ce67601b029582ef6d41e9e6ca22692aaeccd4107e40f27386c",
                "sha256:18ea20e3922d7f8ca9e0ef1084408d08c4ad62d5e531cb9c1f6896a99297ebea",
                "sha256:1ce6947e2a95534ecaa5a15e73c21e550514c980d80eda204d064d789a95f6a4",
                "sha256:206d4ec6028f2773b40932d09f074539d6bcdd8f6b318d40cb04bdbd68ed0b49",
                "sha256:23214bdbe226f2b0e9c66a7d6a1d59d4a88045dcf86e702cf0fe0d0935e3d615",
                "sha256:24d8e85a2a45e44883b488c2659f51fa761dad5353fdb319b672a93facbd2ca9",
                "sha256:26a40cbf2b13bd94af53ee02a424cb3bb96a9edfac0d00834bd068512a62714b",
                "sha256:26f89cf6d0634375f454fa71057945ad18edb0f1607a90fecf22c57dc3dc289a",
                "sha256:2afce82f2cf8f4c9002746a42755e1dc61baff33d9f7ab5569b4c9101f8f4d1d",
                "sha256:2b25f0f0fa5260df9d7bb55d47c8bdc23fa3382c1a18f7c9cae122e6c320b1ad",
                "sha256:2de8ecbbc77c7e4d22572779920ed8979c69168675e96be3a548c996568c6c31",
                "sha256:345034976f46a1c54bd17f4e43eb30bb92cb7082fcddff03250cff136cc4eb82",
                "sha256:34fe7cf79d5f1f87f2e8ce7dc1c32950841f50e10d0120f263856acfad66de34",
                "sha256:359f3fbe09a51500c51966596ee4ee4070b356552c70b3b2420eb200d68e0f76",
                "sha256:3ad9a0eac4728327fd870d52f74d2e631d176c5f178eaea2d9983ab5b9755a55",
                "sha256:3c78f0cea7275342cf2adc2ad5fdd0aafa106ad91e66d573568f2fcf62c41df5",
                "sha256:3ea65e3ee6c7c32349fd00559927a9e577bdd72386087eeed1c42b62dfce9b82",
                "sha256:433a73200848e80f27712fc113b6ff5311f29b479a7d3bd4b1106138a77f9674",
                "sha256:4a2effcbd93ae340a58db718fe4181d967f84d352c4cefeaab4ff82ce813901a",
                "sha256:4f051a64eb8f8addb4661c2b41d6eea5b7ebc68ad4b2baea8d9bc54e1956e5f7",
                "sha256:5bbe2a06e0a5e1404d9ffbdb49b819bbd6a3bb198ebea4c8dfe7ad9f1e1c2e81",
                "sha256:5d0297e6a070eadb49df7cddd0ab6f420b8b689dd8904c7dd815a323168fa57e",
                "sha256:5d3de58b837375e7f4c0e1a088ccab5f655efb2fd7427b729df02c862a559633",
                "sha256:5d6fa45079db9fbeba0a69e3d91189f05301d6ac918162a53179d32fc9ed4910",
                "sha256:5e2d2536d2f57a354aa382ed303ac0e2e5c9522a508c05b998d26181b94163a7",
                "sha256:620482ef1c9f4e61f962e159325fe77dea59d16e39d9c9470d069053b244d864",
                "sha256:6506330b4a8dcf53b95bd84d8d0e817107cdb3fc1438e835029cdf0bc6612eb0",
                "sha256:664e279ed40599b8ed16f4db18d92a7e212c73129672bec8f5d96d4da48d2404",
                "sha256:6827ac0519be3fe91bf96b4060eb00d1d24f82649b29862cd75a3cfca248b02a",
                "sha256:68931b5fe746ed4fdaa8892989cab9e6c35781eeb3b0ab2ded893d561e1b3652",
                "sha256:6f0bab60a582d415f0fb535ccff13ba334a47a1538f98913330a525d23bd535a",
                "sha256:717d01e6e00bed56ad13306f19e0dd2f4f645ee8159d2c72c72301d6cfc7090c",
                "sha256:71ac4ca1658ca99160fd58cc6967110e989c34b04627f24ed6ec9f70fb24571a",
                "sha256:724e878b213b302ad46e9f2fc872d386613f20ebfc492a211482d917ea76c14f",
                "sha256:764e045811f9c8cda436641f3f088283351d331a519b5807f19041cd0a68da1c",
                "sha256:771caba880fee96493d18dfc465c318e08ab74e3bc2a3e4089e52514be6a6e54",
                "sha256:7911b02f57053adf8164ae63edb1c26574d24dfccabadc5268cf69310a69a358",
                "sha256:81572011fc1fc271317da35da593944daef7bfd507085e35751abbe702b74f69",
                "sha256:81e503d130a472ad1bd38199ecd35116b40d92bcd31e27a2cacde035381f2070",
                "sha256:841befdbc89b9c82435fc25b0f4f41858b6238693e45af758bec4cfc1968171c",
                "sha256:8697b2edb57143546a24389efc11e1b000cd5800fc20d84f04edb601e4a7cfb8",
                "sha256:86bd37eabe39977216f630a7fc1b698e7f5e81a191c7186013245c6c3d313f9d",
                "sha256:895e65c96aef0cecea250f6e35e9a32f11375514e1a0cb5210e0fda128c04e8e",
                "sha256:8c7953c4128ef53b6ffb5f90d87c87d4ce26731df294760bb2314eb0e069e44b",
                "sha256:8cc316264317b07a9e90d7f2b4188a15e36e9b54e651081b791b0515fa612a29",
                "sha256:8f765d13c08497687d0780cca66115c6aa4ba6703ad43b61e94fab9db689e3a3",
                "sha256:916fcf2214f56960e409561b37fc32a160a42b6e85483d0652d7b70fa55d707e",
                "sha256:962aa56c1c9b016d681265880eb6acc9966029d2c4c559319cc43a1abbb9b59a",
                "sha256:985657ebd707941de90d488d1cbb5efac20bdf81f7b91eba771624ccda4d36f4",
                "sha256:98847557a6859cadf693792ce89f440cb89692993f60dc6d3a7e35f3d340216f",
                "sha256:a318112bb4f79d9d04766196d5a3388caa825908a6a9b052aa87de3d9aea7c61",
                "sha256:a524fca1a6f08927d9dc2d4c873cfb7bd7202c247f08b14bdc02424071b8b304",
                "sha256:a7625770f7720b49bb30d194ad2f8d50fab3c5177874af3d2399676f95f9c594",
                "sha256:a886af95f59edf67d5770fd3564d53f4a8af93f25f8c1d60d27e00d7f5674ee8",
                "sha256:aab9902a64b8390e3b56e539fddae1d79a267807fe5cb0c18d7d2f544ce867e2",
                "sha256:afaa144b8f5b3bc69fe0ce50d401c46b01ab264782553bfd05a3f98804524ecb",
                "sha256:b1801963f9f44ae0c0f6d737bc7aeb2bbcde7d1fe7e3b43cddc1961af42d3b41",
                "sha256:b4ee9818e8bae3544379ad2c09b851c4fb886aaa8860d57a1c1316ddcb16db49",
                "sha256:bb5f6c2cf1ffd0bf2bd925c7cdcae9b4f208e9696d453ed51eb1f5fa0cc5b45b",
                "sha256:bde0fe24083d0b7b3dbafa7a09f0796410af1afa2523f28f5f208d8340a4aaca",
                "sha256:c337da8fca7ea93ab43f3868cfcde6cf6dad32c3906b273cfbad5d7390bc423b",
                "sha256:c6829d9a3b55ad2b73ef5fda8302e5be03683789e88b1a079dcf4a773229c21d",
                "sha256:c6db15c217693bdc3ca0b84de1ba9afafe1c14c26a8a29d77f4ed0de2b6132e2",
                "sha256:cc3656c9ecc27b36bd0907455b77f83c0069ca9ad4a66dec892b76c696eb6047",
                "sha256:ce2f05c14d077f406fefc4fa5e4f093ad0e0787549f6582535d6e28766f0361b",
                "sha256:d385fc9b054e309ad3cecdc77b586d2af0c98aeec2fdb3773544586f366e817c",
                "sha256:d4e47e7eea81a8ccf060a07627654151d929da62c7b715738387c200905cec89",
                "sha256:d70f3542cd38de85a9e257dcb1ac4c1ab4b6d7d2c2a645809207556628755d1c",
                "sha256:d78aa537237212c4313aabe5e964b66acc86350ed19ebc56a3e202df33b6077b",
                "sha256:d9476292594309db922cc841dd13b303b3c388f4c25d279884f7e2341c681f80",
                "sha256:db3403fdb7a94d5eb73e099befad8104d2a7d110a0f0d99df0de61c5d1fa756c",
                "sha256:df164be93b46b4825cc39339440a05edc54c4d1d865ba4a60fd43d151a2a1cd3",
                "sha256:e1b6099490e5f88569c46b18605f556c3b30acc9a0a219cf7ef8fab8f7161ec4",
                "sha256:e55d24cada901963eed5bc89fa562aa033f0d84b9d3de4ecf363737c13aed11e",
                "sha256:eb5fa75dc3d30e3a1b75da97973479b20ffa9b0641ff56d6e94b5f3e210daa54",
                "sha256:f1198bca9c0dd7c188aae1f185b0c0b5fc4f0a2b6909000858c29550320bdb07",
                "sha256:f4c5a5eff4ad4f9f7088fd3fc7a66d98d06566ee294b3b053309fb0a3b45be1e",
                "sha256:f6d0a28b63a0d75f9ed5118105d1154fc3aa40a8605a30d5d87e3d043ad90fe7",
                "sha256:f837bae572c7869ffaa502e604c87e182543012831cf87aae4586ad090ac6dcf",
                "sha256:f89f7453d6d46db14cf233e2cd8edcd78de2b9c49d4f1dc109590b4e5dbfbb74",
                "sha256:f8a51a8ec382c39d939cba0ab07ae949077ae4e842343bd4eed22d432358cea9",
                "sha256:fa75dc099c126e941a9c0baa8ebd2cbc78bd778687534fe410baf754f6d9e374",
                "sha256:fc868bab88e049d41fcd41766810d790a8b960053be2a45e060f5ce0d31d258b"
            ],
            "index": "pypi",
            "markers": "python_version >= '3.10'",
            "version": "==7.15.1"
        },
        "markdownify": {
            "hashes": [
                "sha256:1a176f05522c8a2cb1dd3ab9d307dcdadbed5c26ae717855bfc42b3b6d38d937",
                "sha256:a189a0bedfd14009030fde5f85bb6f77c56897cb839b5c25315dd7d4e3e290ba"
            ],
            "index": "pypi",
            "version": "==1.2.3"
        },
        "six": {
            "hashes": [
                "sha256:4721f391ed90541fddacab5acf947aa0d3dc7d27b2e1e8eda2be8970586c3274",
                "sha256:ff70335d468e7eb6ec65b95b99d3a2836546063f63acc5171de367e834932a81"
            ],
            "markers": "python_version >= '2.7' and python_version not in '3.0, 3.1, 3.2'",
            "version": "==1.17.0"
        },
        "soupsieve": {
            "hashes": [
                "sha256:4a55d8cf158a9c2e587fa4922f1bbb91d68ac829e2d6f25403a85747c71daf74",
                "sha256:8089a26fd974ca7a1f30276d3d8492ab266ab15af581642dfe8aa162e0c1c823"
            ],
            "markers": "python_version >= '3.10'",
            "version": "==2.9.2"
        },
        "typing-extensions": {
            "hashes": [
                "sha256:481caa481374e813c1b176ada14e97f1f67a4539ce9cfeb3f350d78d6370c2e8",
                "sha256:dc983d19a509c94dba722ee6abd33940f7c05a89e243c47e907eb4db6f1a43e5"
            ],
            "markers": "python_version >= '3.9'",
            "version": "==4.16.0"
        },
        "urllib3": {
            "hashes": [
                "sha256:0cf3cae568d36aa9576b28dfb35f11328f1cb974ca7647d9475ebb86c75ac6e3",
                "sha256:63bf2ead4c879426ebf22ef2a781eeb4aa3b4ae798a0435506f8687fd5bb9b63"
            ],
            "index": "pypi",
            "markers": "python_version >= '3.10'",
            "version": "==2.8.0"
        }
    },
    "develop": {}
}
